<?xml version="1.0" encoding="utf-8"?>
<Project ToolsVersion="4.0" xmlns="http://schemas.microsoft.com/developer/msbuild/2003">
  <ItemGroup>
    <Filter Include="Source Files">
      <UniqueIdentifier>{4FC737F1-C7A5-4376-A066-2A32D752A2FF}</UniqueIdentifier>
      <Extensions>cpp;c;cc;cxx;def;odl;idl;hpj;bat;asm;asmx</Extensions>
    </Filter>
    <Filter Include="Header Files">
      <UniqueIdentifier>{93995380-89BD-4b04-88EB-625FBE52EBFB}</UniqueIdentifier>
      <Extensions>h;hh;hpp;hxx;hm;inl;inc;xsd</Extensions>
    </Filter>
    <Filter Include="Resource Files">
      <UniqueIdentifier>{67DA6AB6-F800-4c08-8B7A-83BB121AAD01}</UniqueIdentifier>
      <Extensions>rc;ico;cur;bmp;dlg;rc2;rct;bin;rgs;gif;jpg;jpeg;jpe;resx;tiff;tif;png;wav;mfcribbon-ms</Extensions>
    </Filter>
  </ItemGroup>
  <ItemGroup>
    <Text Include="ReadMe.txt" />
  </ItemGroup>
  <ItemGroup>
    <ClCompile Include="dllmain.cpp">
      <Filter>Source Files</Filter>
    </ClCompile>
    <ClCompile Include="PolyHook\PolyHook.cpp">
      <Filter>Source Files</Filter>
    </ClCompile>
  </ItemGroup>
  <ItemGroup>
    <ClInclude Include="PolyHook\PolyHook.h">
      <Filter>Header Files</Filter>
    </ClInclude>
    <ClInclude Include="Tools.h">
      <Filter>Header Files</Filter>
    </ClInclude>
    <ClInclude Include="Menu\Elements\ButtonElement.h">
      <Filter>Header Files</Filter>
    </ClInclude>
    <ClInclude Include="Menu\Elements\CheckBoxElement.h">
      <Filter>Header Files</Filter>
    </ClInclude>
    <ClInclude Include="Menu\Elements\ComboBoxElement.h">
      <Filter>Header Files</Filter>
    </ClInclude>
    <ClInclude Include="Menu\Elements\LabelElement.h">
      <Filter>Header Files</Filter>
    </ClInclude>
    <ClInclude Include="Menu\Elements\MenuElement.h">
      <Filter>Header Files</Filter>
    </ClInclude>
    <ClInclude Include="Menu\Elements\SliderElement.h">
      <Filter>Header Files</Filter>
    </ClInclude>
    <ClInclude Include="Menu\Elements\TabbedWindowElement.h">
      <Filter>Header Files</Filter>
    </ClInclude>
    <ClInclude Include="Menu\Elements\TabbedWindowPageElement.h">
      <Filter>Header Files</Filter>
    </ClInclude>
    <ClInclude Include="Menu\Elements\WindowElement.h">
      <Filter>Header Files</Filter>
    </ClInclude>
    <ClInclude Include="Menu\Input\EventDispatcher.h">
      <Filter>Header Files</Filter>
    </ClInclude>
    <ClInclude Include="Menu\Input\InputManageInterface.h">
      <Filter>Header Files</Filter>
    </ClInclude>
    <ClInclude Include="Menu\Input\KeyboardMessage.h">
      <Filter>Header Files</Filter>
    </ClInclude>
    <ClInclude Include="Menu\Input\MouseEvents.h">
      <Filter>Header Files</Filter>
    </ClInclude>
    <ClInclude Include="Menu\Input\WinAPIInputManager.h">
      <Filter>Header Files</Filter>
    </ClInclude>
    <ClInclude Include="Menu\Misc\IDGenerator.h">
      <Filter>Header Files</Filter>
    </ClInclude>
    <ClInclude Include="Menu\Misc\Vector.h">
      <Filter>Header Files</Filter>
    </ClInclude>
    <ClInclude Include="Menu\Rendering\Color.h">
      <Filter>Header Files</Filter>
    </ClInclude>
    <ClInclude Include="Menu\Rendering\DXTKFonts.h">
      <Filter>Header Files</Filter>
    </ClInclude>
    <ClInclude Include="Menu\Rendering\DXTKRenderer.h">
      <Filter>Header Files</Filter>
    </ClInclude>
    <ClInclude Include="Menu\Rendering\RenderInterface.h">
      <Filter>Header Files</Filter>
    </ClInclude>
    <ClInclude Include="Menu\DaMenu.h">
      <Filter>Header Files</Filter>
    </ClInclude>
    <ClInclude Include="Menu\ElementManager.h">
      <Filter>Header Files</Filter>
    </ClInclude>
    <ClInclude Include="DXTK\Inc\Audio.h">
      <Filter>Header Files</Filter>
    </ClInclude>
    <ClInclude Include="DXTK\Inc\CommonStates.h">
      <Filter>Header Files</Filter>
    </ClInclude>
    <ClInclude Include="DXTK\Inc\DDSTextureLoader.h">
      <Filter>Header Files</Filter>
    </ClInclude>
    <ClInclude Include="DXTK\Inc\DirectXHelpers.h">
      <Filter>Header Files</Filter>
    </ClInclude>
    <ClInclude Include="DXTK\Inc\Effects.h">
      <Filter>Header Files</Filter>
    </ClInclude>
    <ClInclude Include="DXTK\Inc\GamePad.h">
      <Filter>Header Files</Filter>
    </ClInclude>
    <ClInclude Include="DXTK\Inc\GeometricPrimitive.h">
      <Filter>Header Files</Filter>
    </ClInclude>
    <ClInclude Include="DXTK\Inc\Keyboard.h">
      <Filter>Header Files</Filter>
    </ClInclude>
    <ClInclude Include="DXTK\Inc\Model.h">
      <Filter>Header Files</Filter>
    </ClInclude>
    <ClInclude Include="DXTK\Inc\Mouse.h">
      <Filter>Header Files</Filter>
    </ClInclude>
    <ClInclude Include="DXTK\Inc\PrimitiveBatch.h">
      <Filter>Header Files</Filter>
    </ClInclude>
    <ClInclude Include="DXTK\Inc\ScreenGrab.h">
      <Filter>Header Files</Filter>
    </ClInclude>
    <ClInclude Include="DXTK\Inc\SimpleMath.h">
      <Filter>Header Files</Filter>
    </ClInclude>
    <ClInclude Include="DXTK\Inc\SpriteBatch.h">
      <Filter>Header Files</Filter>
    </ClInclude>
    <ClInclude Include="DXTK\Inc\SpriteFont.h">
      <Filter>Header Files</Filter>
    </ClInclude>
    <ClInclude Include="DXTK\Inc\VertexTypes.h">
      <Filter>Header Files</Filter>
    </ClInclude>
    <ClInclude Include="DXTK\Inc\WICTextureLoader.h">
      <Filter>Header Files</Filter>
    </ClInclude>
    <ClInclude Include="DXTK\Inc\XboxDDSTextureLoader.h">
      <Filter>Header Files</Filter>
    </ClInclude>
    <ClInclude Include="Menu\Rendering\D3D11StateSaver.h">
      <Filter>Header Files</Filter>
    </ClInclude>
    <ClInclude Include="Capstone\Inc\arm.h">
      <Filter>Header Files</Filter>
    </ClInclude>
    <ClInclude Include="Capstone\Inc\arm64.h">
      <Filter>Header Files</Filter>
    </ClInclude>
    <ClInclude Include="Capstone\Inc\capstone.h">
      <Filter>Header Files</Filter>
    </ClInclude>
    <ClInclude Include="Capstone\Inc\mips.h">
      <Filter>Header Files</Filter>
    </ClInclude>
    <ClInclude Include="Capstone\Inc\platform.h">
      <Filter>Header Files</Filter>
    </ClInclude>
    <ClInclude Include="Capstone\Inc\ppc.h">
      <Filter>Header Files</Filter>
    </ClInclude>
    <ClInclude Include="Capstone\Inc\sparc.h">
      <Filter>Header Files</Filter>
    </ClInclude>
    <ClInclude Include="Capstone\Inc\systemz.h">
      <Filter>Header Files</Filter>
    </ClInclude>
    <ClInclude Include="Capstone\Inc\x86.h">
      <Filter>Header Files</Filter>
    </ClInclude>
    <ClInclude Include="Capstone\Inc\xcore.h">
      <Filter>Header Files</Filter>
    </ClInclude>
    <ClInclude Include="Menu\Elements\ColorPickerElement.h">
      <Filter>Header Files</Filter>
    </ClInclude>
    <ClInclude Include="Engine\BF4Classes.h">
      <Filter>Header Files</Filter>
    </ClInclude>
    <ClInclude Include="Hack Core\Core.h">
      <Filter>Header Files</Filter>
    </ClInclude>
    <ClInclude Include="Engine\TypeInfo.h">
      <Filter>Header Files</Filter>
    </ClInclude>
    <ClInclude Include="Hack Core\BotPlayerManager.h">
      <Filter>Header Files</Filter>
    </ClInclude>
    <ClInclude Include="Hack Core\AimbotSmoother.h">
      <Filter>Header Files</Filter>
    </ClInclude>
    <ClInclude Include="Hack Core\RandomGen.h">
      <Filter>Header Files</Filter>
    </ClInclude>
    <ClInclude Include="Hack Core\AimbotPredictor.h">
      <Filter>Header Files</Filter>
    </ClInclude>
  </ItemGroup>
  <ItemGroup>
    <None Include="DXTK\Inc\SimpleMath.inl">
      <Filter>Header Files</Filter>
    </None>
  </ItemGroup>
</Project>